
Microsoft Visual Studio Solution File, Format Version 12.00
# Visual Studio Version 17
VisualStudioVersion = 17.1.32328.378
MinimumVisualStudioVersion = 10.0.40219.1
Project("{FAE04EC0-301F-11D3-BF4B-00C04F79EFBC}") = "Zionet.Extensions.Command", "Zionet.Extensions.Command\Zionet.Extensions.Command.csproj", "{A81183C2-903E-48C3-9912-37A4C06CB0DE}"
EndProject
Project("{FAE04EC0-301F-11D3-BF4B-00C04F79EFBC}") = "Zionet.Extensions.Command.Test", "Zionet.Extensions.Command.Test\Zionet.Extensions.Command.Test.csproj", "{A7005499-CB96-4FDB-A13E-4E9625F738F7}"
EndProject
Project("{FAE04EC0-301F-11D3-BF4B-00C04F79EFBC}") = "Zionet.Extension.Command.Example", "Zionet.Extension.Command.Example\Zionet.Extension.Command.Example.csproj", "{DA7C903F-53F0-4695-9D6D-67CD410A927A}"
EndProject
Global
	GlobalSection(SolutionConfigurationPlatforms) = preSolution
		Debug|Any CPU = Debug|Any CPU
		Release|Any CPU = Release|Any CPU
	EndGlobalSection
	GlobalSection(ProjectConfigurationPlatforms) = postSolution
		{A81183C2-903E-48C3-9912-37A4C06CB0DE}.Debug|Any CPU.ActiveCfg = Debug|Any CPU
		{A81183C2-903E-48C3-9912-37A4C06CB0DE}.Debug|Any CPU.Build.0 = Debug|Any CPU
		{A81183C2-903E-48C3-9912-37A4C06CB0DE}.Release|Any CPU.ActiveCfg = Release|Any CPU
		{A81183C2-903E-48C3-9912-37A4C06CB0DE}.Release|Any CPU.Build.0 = Release|Any CPU
		{A7005499-CB96-4FDB-A13E-4E9625F738F7}.Debug|Any CPU.ActiveCfg = Debug|Any CPU
		{A7005499-CB96-4FDB-A13E-4E9625F738F7}.Debug|Any CPU.Build.0 = Debug|Any CPU
		{A7005499-CB96-4FDB-A13E-4E9625F738F7}.Release|Any CPU.ActiveCfg = Release|Any CPU
		{A7005499-CB96-4FDB-A13E-4E9625F738F7}.Release|Any CPU.Build.0 = Release|Any CPU
		{DA7C903F-53F0-4695-9D6D-67CD410A927A}.Debug|Any CPU.ActiveCfg = Debug|Any CPU
		{DA7C903F-53F0-4695-9D6D-67CD410A927A}.Debug|Any CPU.Build.0 = Debug|Any CPU
		{DA7C903F-53F0-4695-9D6D-67CD410A927A}.Release|Any CPU.ActiveCfg = Release|Any CPU
		{DA7C903F-53F0-4695-9D6D-67CD410A927A}.Release|Any CPU.Build.0 = Release|Any CPU
	EndGlobalSection
	GlobalSection(SolutionProperties) = preSolution
		HideSolutionNode = FALSE
	EndGlobalSection
	GlobalSection(ExtensibilityGlobals) = postSolution
		SolutionGuid = {9D486F22-E110-435A-96DC-1C8C7BE90B1A}
	EndGlobalSection
EndGlobal
